
Microsoft Visual Studio Solution File, Format Version 12.00
Project("{FAE04EC0-301F-11D3-BF4B-00C04F79EFBC}") = "TimberBornMapViewer", "TimberBornMapViewer\TimberBornMapViewer.csproj", "{0C4A1873-80B5-439D-8B46-11C984A5B9EB}"
EndProject
Project("{FAE04EC0-301F-11D3-BF4B-00C04F79EFBC}") = "MapInterpreter", "MapInterpreter\MapInterpreter.csproj", "{A9384DFD-68CB-474D-AE22-D4A6A41A7356}"
EndProject
Global
	GlobalSection(SolutionConfigurationPlatforms) = preSolution
		Debug|Any CPU = Debug|Any CPU
		Release|Any CPU = Release|Any CPU
	EndGlobalSection
	GlobalSection(ProjectConfigurationPlatforms) = postSolution
		{0C4A1873-80B5-439D-8B46-11C984A5B9EB}.Debug|Any CPU.ActiveCfg = Debug|Any CPU
		{0C4A1873-80B5-439D-8B46-11C984A5B9EB}.Debug|Any CPU.Build.0 = Debug|Any CPU
		{0C4A1873-80B5-439D-8B46-11C984A5B9EB}.Release|Any CPU.ActiveCfg = Release|Any CPU
		{0C4A1873-80B5-439D-8B46-11C984A5B9EB}.Release|Any CPU.Build.0 = Release|Any CPU
		{A9384DFD-68CB-474D-AE22-D4A6A41A7356}.Debug|Any CPU.ActiveCfg = Debug|Any CPU
		{A9384DFD-68CB-474D-AE22-D4A6A41A7356}.Debug|Any CPU.Build.0 = Debug|Any CPU
		{A9384DFD-68CB-474D-AE22-D4A6A41A7356}.Release|Any CPU.ActiveCfg = Release|Any CPU
		{A9384DFD-68CB-474D-AE22-D4A6A41A7356}.Release|Any CPU.Build.0 = Release|Any CPU
	EndGlobalSection
EndGlobal
